// !$*UTF8*$!
{
	archiveVersion = 1;
	classes = {
	};
	objectVersion = 56;
	objects = {

/* Begin PBXBuildFile section */
		EB6351052BBC95AD004DC984 /* animeApp.swift in Sources */ = {isa = PBXBuildFile; fileRef = EB6351042BBC95AD004DC984 /* animeApp.swift */; };
		EB6351072BBC95AD004DC984 /* ContentView.swift in Sources */ = {isa = PBXBuildFile; fileRef = EB6351062BBC95AD004DC984 /* ContentView.swift */; };
		EB6351092BBC95AF004DC984 /* Assets.xcassets in Resources */ = {isa = PBXBuildFile; fileRef = EB6351082BBC95AF004DC984 /* Assets.xcassets */; };
		EB63510C2BBC95AF004DC984 /* Preview Assets.xcassets in Resources */ = {isa = PBXBuildFile; fileRef = EB63510B2BBC95AF004DC984 /* Preview Assets.xcassets */; };
		EB6351162BBC95B0004DC984 /* animeTests.swift in Sources */ = {isa = PBXBuildFile; fileRef = EB6351152BBC95B0004DC984 /* animeTests.swift */; };
		EB6351202BBC95B0004DC984 /* animeUITests.swift in Sources */ = {isa = PBXBuildFile; fileRef = EB63511F2BBC95B0004DC984 /* animeUITests.swift */; };
		EB6351222BBC95B0004DC984 /* animeUITestsLaunchTests.swift in Sources */ = {isa = PBXBuildFile; fileRef = EB6351212BBC95B0004DC984 /* animeUITestsLaunchTests.swift */; };
		EB6351312BBC984F004DC984 /* WebView.swift in Sources */ = {isa = PBXBuildFile; fileRef = EB6351302BBC984F004DC984 /* WebView.swift */; };
/* End PBXBuildFile section */

/* Begin PBXContainerItemProxy section */
		EB6351122BBC95B0004DC984 /* PBXContainerItemProxy */ = {
			isa = PBXContainerItemProxy;
			containerPortal = EB6350F92BBC95AD004DC984 /* Project object */;
			proxyType = 1;
			remoteGlobalIDString = EB6351002BBC95AD004DC984;
			remoteInfo = anime;
		};
		EB63511C2BBC95B0004DC984 /* PBXContainerItemProxy */ = {
			isa = PBXContainerItemProxy;
			containerPortal = EB6350F92BBC95AD004DC984 /* Project object */;
			proxyType = 1;
			remoteGlobalIDString = EB6351002BBC95AD004DC984;
			remoteInfo = anime;
		};
/* End PBXContainerItemProxy section */

/* Begin PBXFileReference section */
		EB6351012BBC95AD004DC984 /* anime.app */ = {isa = PBXFileReference; explicitFileType = wrapper.application; includeInIndex = 0; path = anime.app; sourceTree = BUILT_PRODUCTS_DIR; };
		EB6351042BBC95AD004DC984 /* animeApp.swift */ = {isa = PBXFileReference; lastKnownFileType = sourcecode.swift; path = animeApp.swift; sourceTree = "<group>"; };
		EB6351062BBC95AD004DC984 /* ContentView.swift */ = {isa = PBXFileReference; lastKnownFileType = sourcecode.swift; path = ContentView.swift; sourceTree = "<group>"; };
		EB6351082BBC95AF004DC984 /* Assets.xcassets */ = {isa = PBXFileReference; lastKnownFileType = folder.assetcatalog; path = Assets.xcassets; sourceTree = "<group>"; };
		EB63510B2BBC95AF004DC984 /* Preview Assets.xcassets */ = {isa = PBXFileReference; lastKnownFileType = folder.assetcatalog; path = "Preview Assets.xcassets"; sourceTree = "<group>"; };
		EB6351112BBC95B0004DC984 /* animeTests.xctest */ = {isa = PBXFileReference; explicitFileType = wrapper.cfbundle; includeInIndex = 0; path = animeTests.xctest; sourceTree = BUILT_PRODUCTS_DIR; };
		EB6351152BBC95B0004DC984 /* animeTests.swift */ = {isa = PBXFileReference; lastKnownFileType = sourcecode.swift; path = animeTests.swift; sourceTree = "<group>"; };
		EB63511B2BBC95B0004DC984 /* animeUITests.xctest */ = {isa = PBXFileReference; explicitFileType = wrapper.cfbundle; includeInIndex = 0; path = animeUITests.xctest; sourceTree = BUILT_PRODUCTS_DIR; };
		EB63511F2BBC95B0004DC984 /* animeUITests.swift */ = {isa = PBXFileReference; lastKnownFileType = sourcecode.swift; path = animeUITests.swift; sourceTree = "<group>"; };
		EB6351212BBC95B0004DC984 /* animeUITestsLaunchTests.swift */ = {isa = PBXFileReference; lastKnownFileType = sourcecode.swift; path = animeUITestsLaunchTests.swift; sourceTree = "<group>"; };
		EB6351302BBC984F004DC984 /* WebView.swift */ = {isa = PBXFileReference; lastKnownFileType = sourcecode.swift; path = WebView.swift; sourceTree = "<group>"; };
/* End PBXFileReference section */

/* Begin PBXFrameworksBuildPhase section */
		EB6350FE2BBC95AD004DC984 /* Frameworks */ = {
			isa = PBXFrameworksBuildPhase;
			buildActionMask = 2147483647;
			files = (
			);
			runOnlyForDeploymentPostprocessing = 0;
		};
		EB63510E2BBC95B0004DC984 /* Frameworks */ = {
			isa = PBXFrameworksBuildPhase;
			buildActionMask = 2147483647;
			files = (
			);
			runOnlyForDeploymentPostprocessing = 0;
		};
		EB6351182BBC95B0004DC984 /* Frameworks */ = {
			isa = PBXFrameworksBuildPhase;
			buildActionMask = 2147483647;
			files = (
			);
			runOnlyForDeploymentPostprocessing = 0;
		};
/* End PBXFrameworksBuildPhase section */

/* Begin PBXGroup section */
		EB6350F82BBC95AD004DC984 = {
			isa = PBXGroup;
			children = (
				EB6351032BBC95AD004DC984 /* anime */,
				EB6351142BBC95B0004DC984 /* animeTests */,
				EB63511E2BBC95B0004DC984 /* animeUITests */,
				EB6351022BBC95AD004DC984 /* Products */,
			);
			sourceTree = "<group>";
		};
		EB6351022BBC95AD004DC984 /* Products */ = {
			isa = PBXGroup;
			children = (
				EB6351012BBC95AD004DC984 /* anime.app */,
				EB6351112BBC95B0004DC984 /* animeTests.xctest */,
				EB63511B2BBC95B0004DC984 /* animeUITests.xctest */,
			);
			name = Products;
			sourceTree = "<group>";
		};
		EB6351032BBC95AD004DC984 /* anime */ = {
			isa = PBXGroup;
			children = (
				EB6351042BBC95AD004DC984 /* animeApp.swift */,
				EB6351062BBC95AD004DC984 /* ContentView.swift */,
				EB6351302BBC984F004DC984 /* WebView.swift */,
				EB6351082BBC95AF004DC984 /* Assets.xcassets */,
				EB63510A2BBC95AF004DC984 /* Preview Content */,
			);
			path = anime;
			sourceTree = "<group>";
		};
		EB63510A2BBC95AF004DC984 /* Preview Content */ = {
			isa = PBXGroup;
			children = (
				EB63510B2BBC95AF004DC984 /* Preview Assets.xcassets */,
			);
			path = "Preview Content";
			sourceTree = "<group>";
		};
		EB6351142BBC95B0004DC984 /* animeTests */ = {
			isa = PBXGroup;
			children = (
				EB6351152BBC95B0004DC984 /* animeTests.swift */,
			);
			path = animeTests;
			sourceTree = "<group>";
		};
		EB63511E2BBC95B0004DC984 /* animeUITests */ = {
			isa = PBXGroup;
			children = (
				EB63511F2BBC95B0004DC984 /* animeUITests.swift */,
				EB6351212BBC95B0004DC984 /* animeUITestsLaunchTests.swift */,
			);
			path = animeUITests;
			sourceTree = "<group>";
		};
/* End PBXGroup section */

/* Begin PBXNativeTarget section */
		EB6351002BBC95AD004DC984 /* anime */ = {
			isa = PBXNativeTarget;
			buildConfigurationList = EB6351252BBC95B0004DC984 /* Build configuration list for PBXNativeTarget "anime" */;
			buildPhases = (
				EB6350FD2BBC95AD004DC984 /* Sources */,
				EB6350FE2BBC95AD004DC984 /* Frameworks */,
				EB6350FF2BBC95AD004DC984 /* Resources */,
			);
			buildRules = (
			);
			dependencies = (
			);
			name = anime;
			productName = anime;
			productReference = EB6351012BBC95AD004DC984 /* anime.app */;
			productType = "com.apple.product-type.application";
		};
		EB6351102BBC95B0004DC984 /* animeTests */ = {
			isa = PBXNativeTarget;
			buildConfigurationList = EB6351282BBC95B0004DC984 /* Build configuration list for PBXNativeTarget "animeTests" */;
			buildPhases = (
				EB63510D2BBC95B0004DC984 /* Sources */,
				EB63510E2BBC95B0004DC984 /* Frameworks */,
				EB63510F2BBC95B0004DC984 /* Resources */,
			);
			buildRules = (
			);
			dependencies = (
				EB6351132BBC95B0004DC984 /* PBXTargetDependency */,
			);
			name = animeTests;
			productName = animeTests;
			productReference = EB6351112BBC95B0004DC984 /* animeTests.xctest */;
			productType = "com.apple.product-type.bundle.unit-test";
		};
		EB63511A2BBC95B0004DC984 /* animeUITests */ = {
			isa = PBXNativeTarget;
			buildConfigurationList = EB63512B2BBC95B0004DC984 /* Build configuration list for PBXNativeTarget "animeUITests" */;
			buildPhases = (
				EB6351172BBC95B0004DC984 /* Sources */,
				EB6351182BBC95B0004DC984 /* Frameworks */,
				EB6351192BBC95B0004DC984 /* Resources */,
			);
			buildRules = (
			);
			dependencies = (
				EB63511D2BBC95B0004DC984 /* PBXTargetDependency */,
			);
			name = animeUITests;
			productName = animeUITests;
			productReference = EB63511B2BBC95B0004DC984 /* animeUITests.xctest */;
			productType = "com.apple.product-type.bundle.ui-testing";
		};
/* End PBXNativeTarget section */

/* Begin PBXProject section */
		EB6350F92BBC95AD004DC984 /* Project object */ = {
			isa = PBXProject;
			attributes = {
				BuildIndependentTargetsInParallel = 1;
				LastSwiftUpdateCheck = 1530;
				LastUpgradeCheck = 1530;
				TargetAttributes = {
					EB6351002BBC95AD004DC984 = {
						CreatedOnToolsVersion = 15.3;
					};
					EB6351102BBC95B0004DC984 = {
						CreatedOnToolsVersion = 15.3;
						TestTargetID = EB6351002BBC95AD004DC984;
					};
					EB63511A2BBC95B0004DC984 = {
						CreatedOnToolsVersion = 15.3;
						TestTargetID = EB6351002BBC95AD004DC984;
					};
				};
			};
			buildConfigurationList = EB6350FC2BBC95AD004DC984 /* Build configuration list for PBXProject "anime" */;
			compatibilityVersion = "Xcode 14.0";
			developmentRegion = en;
			hasScannedForEncodings = 0;
			knownRegions = (
				en,
				Base,
			);
			mainGroup = EB6350F82BBC95AD004DC984;
			productRefGroup = EB6351022BBC95AD004DC984 /* Products */;
			projectDirPath = "";
			projectRoot = "";
			targets = (
				EB6351002BBC95AD004DC984 /* anime */,
				EB6351102BBC95B0004DC984 /* animeTests */,
				EB63511A2BBC95B0004DC984 /* animeUITests */,
			);
		};
/* End PBXProject section */

/* Begin PBXResourcesBuildPhase section */
		EB6350FF2BBC95AD004DC984 /* Resources */ = {
			isa = PBXResourcesBuildPhase;
			buildActionMask = 2147483647;
			files = (
				EB63510C2BBC95AF004DC984 /* Preview Assets.xcassets in Resources */,
				EB6351092BBC95AF004DC984 /* Assets.xcassets in Resources */,
			);
			runOnlyForDeploymentPostprocessing = 0;
		};
		EB63510F2BBC95B0004DC984 /* Resources */ = {
			isa = PBXResourcesBuildPhase;
			buildActionMask = 2147483647;
			files = (
			);
			runOnlyForDeploymentPostprocessing = 0;
		};
		EB6351192BBC95B0004DC984 /* Resources */ = {
			isa = PBXResourcesBuildPhase;
			buildActionMask = 2147483647;
			files = (
			);
			runOnlyForDeploymentPostprocessing = 0;
		};
/* End PBXResourcesBuildPhase section */

/* Begin PBXSourcesBuildPhase section */
		EB6350FD2BBC95AD004DC984 /* Sources */ = {
			isa = PBXSourcesBuildPhase;
			buildActionMask = 2147483647;
			files = (
				EB6351312BBC984F004DC984 /* WebView.swift in Sources */,
				EB6351072BBC95AD004DC984 /* ContentView.swift in Sources */,
				EB6351052BBC95AD004DC984 /* animeApp.swift in Sources */,
			);
			runOnlyForDeploymentPostprocessing = 0;
		};
		EB63510D2BBC95B0004DC984 /* Sources */ = {
			isa = PBXSourcesBuildPhase;
			buildActionMask = 2147483647;
			files = (
				EB6351162BBC95B0004DC984 /* animeTests.swift in Sources */,
			);
			runOnlyForDeploymentPostprocessing = 0;
		};
		EB6351172BBC95B0004DC984 /* Sources */ = {
			isa = PBXSourcesBuildPhase;
			buildActionMask = 2147483647;
			files = (
				EB6351202BBC95B0004DC984 /* animeUITests.swift in Sources */,
				EB6351222BBC95B0004DC984 /* animeUITestsLaunchTests.swift in Sources */,
			);
			runOnlyForDeploymentPostprocessing = 0;
		};
/* End PBXSourcesBuildPhase section */

/* Begin PBXTargetDependency section */
		EB6351132BBC95B0004DC984 /* PBXTargetDependency */ = {
			isa = PBXTargetDependency;
			target = EB6351002BBC95AD004DC984 /* anime */;
			targetProxy = EB6351122BBC95B0004DC984 /* PBXContainerItemProxy */;
		};
		EB63511D2BBC95B0004DC984 /* PBXTargetDependency */ = {
			isa = PBXTargetDependency;
			target = EB6351002BBC95AD004DC984 /* anime */;
			targetProxy = EB63511C2BBC95B0004DC984 /* PBXContainerItemProxy */;
		};
/* End PBXTargetDependency section */

/* Begin XCBuildConfiguration section */
		EB6351232BBC95B0004DC984 /* Debug */ = {
			isa = XCBuildConfiguration;
			buildSettings = {
				ALWAYS_SEARCH_USER_PATHS = NO;
				ASSETCATALOG_COMPILER_GENERATE_SWIFT_ASSET_SYMBOL_EXTENSIONS = YES;
				CLANG_ANALYZER_NONNULL = YES;
				CLANG_ANALYZER_NUMBER_OBJECT_CONVERSION = YES_AGGRESSIVE;
				CLANG_CXX_LANGUAGE_STANDARD = "gnu++20";
				CLANG_ENABLE_MODULES = YES;
				CLANG_ENABLE_OBJC_ARC = YES;
				CLANG_ENABLE_OBJC_WEAK = YES;
				CLANG_WARN_BLOCK_CAPTURE_AUTORELEASING = YES;
				CLANG_WARN_BOOL_CONVERSION = YES;
				CLANG_WARN_COMMA = YES;
				CLANG_WARN_CONSTANT_CONVERSION = YES;
				CLANG_WARN_DEPRECATED_OBJC_IMPLEMENTATIONS = YES;
				CLANG_WARN_DIRECT_OBJC_ISA_USAGE = YES_ERROR;
				CLANG_WARN_DOCUMENTATION_COMMENTS = YES;
				CLANG_WARN_EMPTY_BODY = YES;
				CLANG_WARN_ENUM_CONVERSION = YES;
				CLANG_WARN_INFINITE_RECURSION = YES;
				CLANG_WARN_INT_CONVERSION = YES;
				CLANG_WARN_NON_LITERAL_NULL_CONVERSION = YES;
				CLANG_WARN_OBJC_IMPLICIT_RETAIN_SELF = YES;
				CLANG_WARN_OBJC_LITERAL_CONVERSION = YES;
				CLANG_WARN_OBJC_ROOT_CLASS = YES_ERROR;
				CLANG_WARN_QUOTED_INCLUDE_IN_FRAMEWORK_HEADER = YES;
				CLANG_WARN_RANGE_LOOP_ANALYSIS = YES;
				CLANG_WARN_STRICT_PROTOTYPES = YES;
				CLANG_WARN_SUSPICIOUS_MOVE = YES;
				CLANG_WARN_UNGUARDED_AVAILABILITY = YES_AGGRESSIVE;
				CLANG_WARN_UNREACHABLE_CODE = YES;
				CLANG_WARN__DUPLICATE_METHOD_MATCH = YES;
				COPY_PHASE_STRIP = NO;
				DEBUG_INFORMATION_FORMAT = dwarf;
				ENABLE_STRICT_OBJC_MSGSEND = YES;
				ENABLE_TESTABILITY = YES;
				ENABLE_USER_SCRIPT_SANDBOXING = YES;
				GCC_C_LANGUAGE_STANDARD = gnu17;
				GCC_DYNAMIC_NO_PIC = NO;
				GCC_NO_COMMON_BLOCKS = YES;
				GCC_OPTIMIZATION_LEVEL = 0;
				GCC_PREPROCESSOR_DEFINITIONS = (
					"DEBUG=1",
					"$(inherited)",
				);
				GCC_WARN_64_TO_32_BIT_CONVERSION = YES;
				GCC_WARN_ABOUT_RETURN_TYPE = YES_ERROR;
				GCC_WARN_UNDECLARED_SELECTOR = YES;
				GCC_WARN_UNINITIALIZED_AUTOS = YES_AGGRESSIVE;
				GCC_WARN_UNUSED_FUNCTION = YES;
				GCC_WARN_UNUSED_VARIABLE = YES;
				IPHONEOS_DEPLOYMENT_TARGET = 17.4;
				LOCALIZATION_PREFERS_STRING_CATALOGS = YES;
				MTL_ENABLE_DEBUG_INFO = INCLUDE_SOURCE;
				MTL_FAST_MATH = YES;
				ONLY_ACTIVE_ARCH = YES;
				SDKROOT = iphoneos;
				SWIFT_ACTIVE_COMPILATION_CONDITIONS = "DEBUG $(inherited)";
				SWIFT_OPTIMIZATION_LEVEL = "-Onone";
			};
			name = Debug;
		};
		EB6351242BBC95B0004DC984 /* Release */ = {
			isa = XCBuildConfiguration;
			buildSettings = {
				ALWAYS_SEARCH_USER_PATHS = NO;
				ASSETCATALOG_COMPILER_GENERATE_SWIFT_ASSET_SYMBOL_EXTENSIONS = YES;
				CLANG_ANALYZER_NONNULL = YES;
				CLANG_ANALYZER_NUMBER_OBJECT_CONVERSION = YES_AGGRESSIVE;
				CLANG_CXX_LANGUAGE_STANDARD = "gnu++20";
				CLANG_ENABLE_MODULES = YES;
				CLANG_ENABLE_OBJC_ARC = YES;
				CLANG_ENABLE_OBJC_WEAK = YES;
				CLANG_WARN_BLOCK_CAPTURE_AUTORELEASING = YES;
				CLANG_WARN_BOOL_CONVERSION = YES;
				CLANG_WARN_COMMA = YES;
				CLANG_WARN_CONSTANT_CONVERSION = YES;
				CLANG_WARN_DEPRECATED_OBJC_IMPLEMENTATIONS = YES;
				CLANG_WARN_DIRECT_OBJC_ISA_USAGE = YES_ERROR;
				CLANG_WARN_DOCUMENTATION_COMMENTS = YES;
				CLANG_WARN_EMPTY_BODY = YES;
				CLANG_WARN_ENUM_CONVERSION = YES;
				CLANG_WARN_INFINITE_RECURSION = YES;
				CLANG_WARN_INT_CONVERSION = YES;
				CLANG_WARN_NON_LITERAL_NULL_CONVERSION = YES;
				CLANG_WARN_OBJC_IMPLICIT_RETAIN_SELF = YES;
				CLANG_WARN_OBJC_LITERAL_CONVERSION = YES;
				CLANG_WARN_OBJC_ROOT_CLASS = YES_ERROR;
				CLANG_WARN_QUOTED_INCLUDE_IN_FRAMEWORK_HEADER = YES;
				CLANG_WARN_RANGE_LOOP_ANALYSIS = YES;
				CLANG_WARN_STRICT_PROTOTYPES = YES;
				CLANG_WARN_SUSPICIOUS_MOVE = YES;
				CLANG_WARN_UNGUARDED_AVAILABILITY = YES_AGGRESSIVE;
				CLANG_WARN_UNREACHABLE_CODE = YES;
				CLANG_WARN__DUPLICATE_METHOD_MATCH = YES;
				COPY_PHASE_STRIP = NO;
				DEBUG_INFORMATION_FORMAT = "dwarf-with-dsym";
				ENABLE_NS_ASSERTIONS = NO;
				ENABLE_STRICT_OBJC_MSGSEND = YES;
				ENABLE_USER_SCRIPT_SANDBOXING = YES;
				GCC_C_LANGUAGE_STANDARD = gnu17;
				GCC_NO_COMMON_BLOCKS = YES;
				GCC_WARN_64_TO_32_BIT_CONVERSION = YES;
				GCC_WARN_ABOUT_RETURN_TYPE = YES_ERROR;
				GCC_WARN_UNDECLARED_SELECTOR = YES;
				GCC_WARN_UNINITIALIZED_AUTOS = YES_AGGRESSIVE;
				GCC_WARN_UNUSED_FUNCTION = YES;
				GCC_WARN_UNUSED_VARIABLE = YES;
				IPHONEOS_DEPLOYMENT_TARGET = 17.4;
				LOCALIZATION_PREFERS_STRING_CATALOGS = YES;
				MTL_ENABLE_DEBUG_INFO = NO;
				MTL_FAST_MATH = YES;
				SDKROOT = iphoneos;
				SWIFT_COMPILATION_MODE = wholemodule;
				VALIDATE_PRODUCT = YES;
			};
			name = Release;
		};
		EB6351262BBC95B0004DC984 /* Debug */ = {
			isa = XCBuildConfiguration;
			buildSettings = {
				ASSETCATALOG_COMPILER_APPICON_NAME = AppIcon;
				ASSETCATALOG_COMPILER_GLOBAL_ACCENT_COLOR_NAME = AccentColor;
				CODE_SIGN_STYLE = Automatic;
				CURRENT_PROJECT_VERSION = 1;
				DEVELOPMENT_ASSET_PATHS = "\"anime/Preview Content\"";
				DEVELOPMENT_TEAM = JDR5KP6W3T;
				ENABLE_PREVIEWS = YES;
				GENERATE_INFOPLIST_FILE = YES;
				INFOPLIST_KEY_CFBundleDisplayName = anime;
				INFOPLIST_KEY_LSApplicationCategoryType = "public.app-category.entertainment";
				INFOPLIST_KEY_UIApplicationSceneManifest_Generation = YES;
				INFOPLIST_KEY_UIApplicationSupportsIndirectInputEvents = YES;
				INFOPLIST_KEY_UILaunchScreen_Generation = YES;
				INFOPLIST_KEY_UISupportedInterfaceOrientations_iPad = "UIInterfaceOrientationPortrait UIInterfaceOrientationPortraitUpsideDown UIInterfaceOrientationLandscapeLeft UIInterfaceOrientationLandscapeRight";
				INFOPLIST_KEY_UISupportedInterfaceOrientations_iPhone = "UIInterfaceOrientationPortrait UIInterfaceOrientationLandscapeLeft UIInterfaceOrientationLandscapeRight";
				LD_RUNPATH_SEARCH_PATHS = (
					"$(inherited)",
					"@executable_path/Frameworks",
				);
				MARKETING_VERSION = 1.0;
				PRODUCT_BUNDLE_IDENTIFIER = clement.anime;
				PRODUCT_NAME = "$(TARGET_NAME)";
				SWIFT_EMIT_LOC_STRINGS = YES;
				SWIFT_VERSION = 5.0;
				TARGETED_DEVICE_FAMILY = "1,2";
			};
			name = Debug;
		};
		EB6351272BBC95B0004DC984 /* Release */ = {
			isa = XCBuildConfiguration;
			buildSettings = {
				ASSETCATALOG_COMPILER_APPICON_NAME = AppIcon;
				ASSETCATALOG_COMPILER_GLOBAL_ACCENT_COLOR_NAME = AccentColor;
				CODE_SIGN_STYLE = Automatic;
				CURRENT_PROJECT_VERSION = 1;
				DEVELOPMENT_ASSET_PATHS = "\"anime/Preview Content\"";
				DEVELOPMENT_TEAM = JDR5KP6W3T;
				ENABLE_PREVIEWS = YES;
				GENERATE_INFOPLIST_FILE = YES;
				INFOPLIST_KEY_CFBundleDisplayName = anime;
				INFOPLIST_KEY_LSApplicationCategoryType = "public.app-category.entertainment";
				INFOPLIST_KEY_UIApplicationSceneManifest_Generation = YES;
				INFOPLIST_KEY_UIApplicationSupportsIndirectInputEvents = YES;
				INFOPLIST_KEY_UILaunchScreen_Generation = YES;
				INFOPLIST_KEY_UISupportedInterfaceOrientations_iPad = "UIInterfaceOrientationPortrait UIInterfaceOrientationPortraitUpsideDown UIInterfaceOrientationLandscapeLeft UIInterfaceOrientationLandscapeRight";
				INFOPLIST_KEY_UISupportedInterfaceOrientations_iPhone = "UIInterfaceOrientationPortrait UIInterfaceOrientationLandscapeLeft UIInterfaceOrientationLandscapeRight";
				LD_RUNPATH_SEARCH_PATHS = (
					"$(inherited)",
					"@executable_path/Frameworks",
				);
				MARKETING_VERSION = 1.0;
				PRODUCT_BUNDLE_IDENTIFIER = clement.anime;
				PRODUCT_NAME = "$(TARGET_NAME)";
				SWIFT_EMIT_LOC_STRINGS = YES;
				SWIFT_VERSION = 5.0;
				TARGETED_DEVICE_FAMILY = "1,2";
			};
			name = Release;
		};
		EB6351292BBC95B0004DC984 /* Debug */ = {
			isa = XCBuildConfiguration;
			buildSettings = {
				ALWAYS_EMBED_SWIFT_STANDARD_LIBRARIES = YES;
				BUNDLE_LOADER = "$(TEST_HOST)";
				CODE_SIGN_STYLE = Automatic;
				CURRENT_PROJECT_VERSION = 1;
				GENERATE_INFOPLIST_FILE = YES;
				IPHONEOS_DEPLOYMENT_TARGET = 17.4;
				MARKETING_VERSION = 1.0;
				PRODUCT_BUNDLE_IDENTIFIER = clement.animeTests;
				PRODUCT_NAME = "$(TARGET_NAME)";
				SWIFT_EMIT_LOC_STRINGS = NO;
				SWIFT_VERSION = 5.0;
				TARGETED_DEVICE_FAMILY = "1,2";
				TEST_HOST = "$(BUILT_PRODUCTS_DIR)/anime.app/$(BUNDLE_EXECUTABLE_FOLDER_PATH)/anime";
			};
			name = Debug;
		};
		EB63512A2BBC95B0004DC984 /* Release */ = {
			isa = XCBuildConfiguration;
			buildSettings = {
				ALWAYS_EMBED_SWIFT_STANDARD_LIBRARIES = YES;
				BUNDLE_LOADER = "$(TEST_HOST)";
				CODE_SIGN_STYLE = Automatic;
				CURRENT_PROJECT_VERSION = 1;
				GENERATE_INFOPLIST_FILE = YES;
				IPHONEOS_DEPLOYMENT_TARGET = 17.4;
				MARKETING_VERSION = 1.0;
				PRODUCT_BUNDLE_IDENTIFIER = clement.animeTests;
				PRODUCT_NAME = "$(TARGET_NAME)";
				SWIFT_EMIT_LOC_STRINGS = NO;
				SWIFT_VERSION = 5.0;
				TARGETED_DEVICE_FAMILY = "1,2";
				TEST_HOST = "$(BUILT_PRODUCTS_DIR)/anime.app/$(BUNDLE_EXECUTABLE_FOLDER_PATH)/anime";
			};
			name = Release;
		};
		EB63512C2BBC95B0004DC984 /* Debug */ = {
			isa = XCBuildConfiguration;
			buildSettings = {
				ALWAYS_EMBED_SWIFT_STANDARD_LIBRARIES = YES;
				CODE_SIGN_STYLE = Automatic;
				CURRENT_PROJECT_VERSION = 1;
				GENERATE_INFOPLIST_FILE = YES;
				MARKETING_VERSION = 1.0;
				PRODUCT_BUNDLE_IDENTIFIER = clement.animeUITests;
				PRODUCT_NAME = "$(TARGET_NAME)";
				SWIFT_EMIT_LOC_STRINGS = NO;
				SWIFT_VERSION = 5.0;
				TARGETED_DEVICE_FAMILY = "1,2";
				TEST_TARGET_NAME = anime;
			};
			name = Debug;
		};
		EB63512D2BBC95B0004DC984 /* Release */ = {
			isa = XCBuildConfiguration;
			buildSettings = {
				ALWAYS_EMBED_SWIFT_STANDARD_LIBRARIES = YES;
				CODE_SIGN_STYLE = Automatic;
				CURRENT_PROJECT_VERSION = 1;
				GENERATE_INFOPLIST_FILE = YES;
				MARKETING_VERSION = 1.0;
				PRODUCT_BUNDLE_IDENTIFIER = clement.animeUITests;
				PRODUCT_NAME = "$(TARGET_NAME)";
				SWIFT_EMIT_LOC_STRINGS = NO;
				SWIFT_VERSION = 5.0;
				TARGETED_DEVICE_FAMILY = "1,2";
				TEST_TARGET_NAME = anime;
			};
			name = Release;
		};
/* End XCBuildConfiguration section */

/* Begin XCConfigurationList section */
		EB6350FC2BBC95AD004DC984 /* Build configuration list for PBXProject "anime" */ = {
			isa = XCConfigurationList;
			buildConfigurations = (
				EB6351232BBC95B0004DC984 /* Debug */,
				EB6351242BBC95B0004DC984 /* Release */,
			);
			defaultConfigurationIsVisible = 0;
			defaultConfigurationName = Release;
		};
		EB6351252BBC95B0004DC984 /* Build configuration list for PBXNativeTarget "anime" */ = {
			isa = XCConfigurationList;
			buildConfigurations = (
				EB6351262BBC95B0004DC984 /* Debug */,
				EB6351272BBC95B0004DC984 /* Release */,
			);
			defaultConfigurationIsVisible = 0;
			defaultConfigurationName = Release;
		};
		EB6351282BBC95B0004DC984 /* Build configuration list for PBXNativeTarget "animeTests" */ = {
			isa = XCConfigurationList;
			buildConfigurations = (
				EB6351292BBC95B0004DC984 /* Debug */,
				EB63512A2BBC95B0004DC984 /* Release */,
			);
			defaultConfigurationIsVisible = 0;
			defaultConfigurationName = Release;
		};
		EB63512B2BBC95B0004DC984 /* Build configuration list for PBXNativeTarget "animeUITests" */ = {
			isa = XCConfigurationList;
			buildConfigurations = (
				EB63512C2BBC95B0004DC984 /* Debug */,
				EB63512D2BBC95B0004DC984 /* Release */,
			);
			defaultConfigurationIsVisible = 0;
			defaultConfigurationName = Release;
		};
/* End XCConfigurationList section */
	};
	rootObject = EB6350F92BBC95AD004DC984 /* Project object */;
}
